// !$*UTF8*$!
{
	archiveVersion = 1;
	classes = {
	};
	objectVersion = 55;
	objects = {

/* Begin PBXBuildFile section */
		1815B3EB27725254002F00CD /* Stack.swift in Sources */ = {isa = PBXBuildFile; fileRef = 1815B3EA27725254002F00CD /* Stack.swift */; };
		1815B3ED27725436002F00CD /* Queue.swift in Sources */ = {isa = PBXBuildFile; fileRef = 1815B3EC27725436002F00CD /* Queue.swift */; };
		1815B3EF27725445002F00CD /* LinkList.swift in Sources */ = {isa = PBXBuildFile; fileRef = 1815B3EE27725445002F00CD /* LinkList.swift */; };
		1815B3F1277B7173002F00CD /* Tree.swift in Sources */ = {isa = PBXBuildFile; fileRef = 1815B3F0277B7172002F00CD /* Tree.swift */; };
		1815B3F3277E1953002F00CD /* Problems_Linklist.swift in Sources */ = {isa = PBXBuildFile; fileRef = 1815B3F2277E1953002F00CD /* Problems_Linklist.swift */; };
		1815B3F5277E1BBB002F00CD /* Problems_Queue.swift in Sources */ = {isa = PBXBuildFile; fileRef = 1815B3F4277E1BBB002F00CD /* Problems_Queue.swift */; };
		1815B3F7277E1BD7002F00CD /* Problems_Stacks.swift in Sources */ = {isa = PBXBuildFile; fileRef = 1815B3F6277E1BD7002F00CD /* Problems_Stacks.swift */; };
		1815B3F927828BB6002F00CD /* DoublyLinkedList.swift in Sources */ = {isa = PBXBuildFile; fileRef = 1815B3F827828BB6002F00CD /* DoublyLinkedList.swift */; };
		1815B3FC2784AE9A002F00CD /* Problems_Array.swift in Sources */ = {isa = PBXBuildFile; fileRef = 1815B3FB2784AE99002F00CD /* Problems_Array.swift */; };
		1815B3FE278866CB002F00CD /* CircularLinkList.swift in Sources */ = {isa = PBXBuildFile; fileRef = 1815B3FD278866CB002F00CD /* CircularLinkList.swift */; };
		181C7E4F26A44F5D00C230F5 /* main.swift in Sources */ = {isa = PBXBuildFile; fileRef = 181C7E4E26A44F5D00C230F5 /* main.swift */; };
		181C7E5626A44F9A00C230F5 /* BubbleSort.swift in Sources */ = {isa = PBXBuildFile; fileRef = 181C7E5526A44F9A00C230F5 /* BubbleSort.swift */; };
		181C7E5826A4578900C230F5 /* SelectionSort.swift in Sources */ = {isa = PBXBuildFile; fileRef = 181C7E5726A4578900C230F5 /* SelectionSort.swift */; };
		181C7E5A26A4586900C230F5 /* InsertionSort.swift in Sources */ = {isa = PBXBuildFile; fileRef = 181C7E5926A4586900C230F5 /* InsertionSort.swift */; };
		181C7E5C26A4587500C230F5 /* MergeSort.swift in Sources */ = {isa = PBXBuildFile; fileRef = 181C7E5B26A4587500C230F5 /* MergeSort.swift */; };
		181C7E5E26A4588100C230F5 /* QuickSort.swift in Sources */ = {isa = PBXBuildFile; fileRef = 181C7E5D26A4588100C230F5 /* QuickSort.swift */; };
		181C7E6026A4589300C230F5 /* HeapSort.swift in Sources */ = {isa = PBXBuildFile; fileRef = 181C7E5F26A4589300C230F5 /* HeapSort.swift */; };
		184B6E002770E9ED00DAB6FB /* BinarySearch.swift in Sources */ = {isa = PBXBuildFile; fileRef = 184B6DFC2770E9ED00DAB6FB /* BinarySearch.swift */; };
		184B6E012770E9ED00DAB6FB /* BinaryTree.swift in Sources */ = {isa = PBXBuildFile; fileRef = 184B6DFF2770E9ED00DAB6FB /* BinaryTree.swift */; };
		18D45056279318EF005B9B11 /* Graph.swift in Sources */ = {isa = PBXBuildFile; fileRef = 18D45055279318EF005B9B11 /* Graph.swift */; };
		18D45058279334E7005B9B11 /* Traversing.swift in Sources */ = {isa = PBXBuildFile; fileRef = 18D45057279334E7005B9B11 /* Traversing.swift */; };
		18D4505A27B55707005B9B11 /* Experiments.swift in Sources */ = {isa = PBXBuildFile; fileRef = 18D4505927B55706005B9B11 /* Experiments.swift */; };
/* End PBXBuildFile section */

/* Begin PBXCopyFilesBuildPhase section */
		181C7E4926A44F5D00C230F5 /* CopyFiles */ = {
			isa = PBXCopyFilesBuildPhase;
			buildActionMask = 2147483647;
			dstPath = /usr/share/man/man1/;
			dstSubfolderSpec = 0;
			files = (
			);
			runOnlyForDeploymentPostprocessing = 1;
		};
/* End PBXCopyFilesBuildPhase section */

/* Begin PBXFileReference section */
		1815B3EA27725254002F00CD /* Stack.swift */ = {isa = PBXFileReference; lastKnownFileType = sourcecode.swift; path = Stack.swift; sourceTree = "<group>"; };
		1815B3EC27725436002F00CD /* Queue.swift */ = {isa = PBXFileReference; lastKnownFileType = sourcecode.swift; path = Queue.swift; sourceTree = "<group>"; };
		1815B3EE27725445002F00CD /* LinkList.swift */ = {isa = PBXFileReference; lastKnownFileType = sourcecode.swift; path = LinkList.swift; sourceTree = "<group>"; };
		1815B3F0277B7172002F00CD /* Tree.swift */ = {isa = PBXFileReference; lastKnownFileType = sourcecode.swift; path = Tree.swift; sourceTree = "<group>"; };
		1815B3F2277E1953002F00CD /* Problems_Linklist.swift */ = {isa = PBXFileReference; lastKnownFileType = sourcecode.swift; path = Problems_Linklist.swift; sourceTree = "<group>"; };
		1815B3F4277E1BBB002F00CD /* Problems_Queue.swift */ = {isa = PBXFileReference; lastKnownFileType = sourcecode.swift; path = Problems_Queue.swift; sourceTree = "<group>"; };
		1815B3F6277E1BD7002F00CD /* Problems_Stacks.swift */ = {isa = PBXFileReference; lastKnownFileType = sourcecode.swift; path = Problems_Stacks.swift; sourceTree = "<group>"; };
		1815B3F827828BB6002F00CD /* DoublyLinkedList.swift */ = {isa = PBXFileReference; lastKnownFileType = sourcecode.swift; path = DoublyLinkedList.swift; sourceTree = "<group>"; };
		1815B3FB2784AE99002F00CD /* Problems_Array.swift */ = {isa = PBXFileReference; lastKnownFileType = sourcecode.swift; path = Problems_Array.swift; sourceTree = "<group>"; };
		1815B3FD278866CB002F00CD /* CircularLinkList.swift */ = {isa = PBXFileReference; lastKnownFileType = sourcecode.swift; path = CircularLinkList.swift; sourceTree = "<group>"; };
		181C7E4B26A44F5D00C230F5 /* DSA */ = {isa = PBXFileReference; explicitFileType = "compiled.mach-o.executable"; includeInIndex = 0; path = DSA; sourceTree = BUILT_PRODUCTS_DIR; };
		181C7E4E26A44F5D00C230F5 /* main.swift */ = {isa = PBXFileReference; lastKnownFileType = sourcecode.swift; path = main.swift; sourceTree = "<group>"; };
		181C7E5526A44F9A00C230F5 /* BubbleSort.swift */ = {isa = PBXFileReference; lastKnownFileType = sourcecode.swift; path = BubbleSort.swift; sourceTree = "<group>"; };
		181C7E5726A4578900C230F5 /* SelectionSort.swift */ = {isa = PBXFileReference; lastKnownFileType = sourcecode.swift; path = SelectionSort.swift; sourceTree = "<group>"; };
		181C7E5926A4586900C230F5 /* InsertionSort.swift */ = {isa = PBXFileReference; lastKnownFileType = sourcecode.swift; path = InsertionSort.swift; sourceTree = "<group>"; };
		181C7E5B26A4587500C230F5 /* MergeSort.swift */ = {isa = PBXFileReference; lastKnownFileType = sourcecode.swift; path = MergeSort.swift; sourceTree = "<group>"; };
		181C7E5D26A4588100C230F5 /* QuickSort.swift */ = {isa = PBXFileReference; lastKnownFileType = sourcecode.swift; path = QuickSort.swift; sourceTree = "<group>"; };
		181C7E5F26A4589300C230F5 /* HeapSort.swift */ = {isa = PBXFileReference; lastKnownFileType = sourcecode.swift; path = HeapSort.swift; sourceTree = "<group>"; };
		184B6DFC2770E9ED00DAB6FB /* BinarySearch.swift */ = {isa = PBXFileReference; fileEncoding = 4; lastKnownFileType = sourcecode.swift; path = BinarySearch.swift; sourceTree = "<group>"; };
		184B6DFF2770E9ED00DAB6FB /* BinaryTree.swift */ = {isa = PBXFileReference; fileEncoding = 4; lastKnownFileType = sourcecode.swift; path = BinaryTree.swift; sourceTree = "<group>"; };
		18D45055279318EF005B9B11 /* Graph.swift */ = {isa = PBXFileReference; lastKnownFileType = sourcecode.swift; path = Graph.swift; sourceTree = "<group>"; };
		18D45057279334E7005B9B11 /* Traversing.swift */ = {isa = PBXFileReference; lastKnownFileType = sourcecode.swift; path = Traversing.swift; sourceTree = "<group>"; };
		18D4505927B55706005B9B11 /* Experiments.swift */ = {isa = PBXFileReference; lastKnownFileType = sourcecode.swift; path = Experiments.swift; sourceTree = "<group>"; };
/* End PBXFileReference section */

/* Begin PBXFrameworksBuildPhase section */
		181C7E4826A44F5D00C230F5 /* Frameworks */ = {
			isa = PBXFrameworksBuildPhase;
			buildActionMask = 2147483647;
			files = (
			);
			runOnlyForDeploymentPostprocessing = 0;
		};
/* End PBXFrameworksBuildPhase section */

/* Begin PBXGroup section */
		1815B3E727725204002F00CD /* Stack */ = {
			isa = PBXGroup;
			children = (
				1815B3EA27725254002F00CD /* Stack.swift */,
				1815B3F6277E1BD7002F00CD /* Problems_Stacks.swift */,
			);
			path = Stack;
			sourceTree = "<group>";
		};
		1815B3E827725229002F00CD /* Queue */ = {
			isa = PBXGroup;
			children = (
				1815B3EC27725436002F00CD /* Queue.swift */,
				1815B3F4277E1BBB002F00CD /* Problems_Queue.swift */,
			);
			path = Queue;
			sourceTree = "<group>";
		};
		1815B3E927725236002F00CD /* Linklist */ = {
			isa = PBXGroup;
			children = (
				1815B3EE27725445002F00CD /* LinkList.swift */,
				1815B3F827828BB6002F00CD /* DoublyLinkedList.swift */,
				1815B3FD278866CB002F00CD /* CircularLinkList.swift */,
				1815B3F2277E1953002F00CD /* Problems_Linklist.swift */,
			);
			path = Linklist;
			sourceTree = "<group>";
		};
		1815B3FA2784AE7E002F00CD /* Arrays */ = {
			isa = PBXGroup;
			children = (
				1815B3FB2784AE99002F00CD /* Problems_Array.swift */,
			);
			path = Arrays;
			sourceTree = "<group>";
		};
		181C7E4226A44F5D00C230F5 = {
			isa = PBXGroup;
			children = (
				18D4505927B55706005B9B11 /* Experiments.swift */,
				184B6DFD2770E9ED00DAB6FB /* DataStructures */,
				184B6DFB2770E9ED00DAB6FB /* Searching */,
				181C7E4E26A44F5D00C230F5 /* main.swift */,
				181C7E4D26A44F5D00C230F5 /* Sorting */,
				181C7E4C26A44F5D00C230F5 /* Products */,
			);
			sourceTree = "<group>";
		};
		181C7E4C26A44F5D00C230F5 /* Products */ = {
			isa = PBXGroup;
			children = (
				181C7E4B26A44F5D00C230F5 /* DSA */,
			);
			name = Products;
			sourceTree = "<group>";
		};
		181C7E4D26A44F5D00C230F5 /* Sorting */ = {
			isa = PBXGroup;
			children = (
				181C7E5526A44F9A00C230F5 /* BubbleSort.swift */,
				181C7E5726A4578900C230F5 /* SelectionSort.swift */,
				181C7E5926A4586900C230F5 /* InsertionSort.swift */,
				181C7E5B26A4587500C230F5 /* MergeSort.swift */,
				181C7E5D26A4588100C230F5 /* QuickSort.swift */,
				181C7E5F26A4589300C230F5 /* HeapSort.swift */,
			);
			path = Sorting;
			sourceTree = "<group>";
		};
		184B6DFB2770E9ED00DAB6FB /* Searching */ = {
			isa = PBXGroup;
			children = (
				184B6DFC2770E9ED00DAB6FB /* BinarySearch.swift */,
			);
			path = Searching;
			sourceTree = "<group>";
		};
		184B6DFD2770E9ED00DAB6FB /* DataStructures */ = {
			isa = PBXGroup;
			children = (
				18D45054279318CD005B9B11 /* Graph */,
				1815B3FA2784AE7E002F00CD /* Arrays */,
				1815B3E927725236002F00CD /* Linklist */,
				1815B3E827725229002F00CD /* Queue */,
				1815B3E727725204002F00CD /* Stack */,
				184B6DFE2770E9ED00DAB6FB /* Trees */,
			);
			path = DataStructures;
			sourceTree = "<group>";
		};
		184B6DFE2770E9ED00DAB6FB /* Trees */ = {
			isa = PBXGroup;
			children = (
				184B6DFF2770E9ED00DAB6FB /* BinaryTree.swift */,
				1815B3F0277B7172002F00CD /* Tree.swift */,
			);
			path = Trees;
			sourceTree = "<group>";
		};
		18D45054279318CD005B9B11 /* Graph */ = {
			isa = PBXGroup;
			children = (
				18D45055279318EF005B9B11 /* Graph.swift */,
				18D45057279334E7005B9B11 /* Traversing.swift */,
			);
			path = Graph;
			sourceTree = "<group>";
		};
/* End PBXGroup section */

/* Begin PBXNativeTarget section */
		181C7E4A26A44F5D00C230F5 /* DSA */ = {
			isa = PBXNativeTarget;
			buildConfigurationList = 181C7E5226A44F5D00C230F5 /* Build configuration list for PBXNativeTarget "DSA" */;
			buildPhases = (
				181C7E4726A44F5D00C230F5 /* Sources */,
				181C7E4826A44F5D00C230F5 /* Frameworks */,
				181C7E4926A44F5D00C230F5 /* CopyFiles */,
			);
			buildRules = (
			);
			dependencies = (
			);
			name = DSA;
			productName = SortingAlgos;
			productReference = 181C7E4B26A44F5D00C230F5 /* DSA */;
			productType = "com.apple.product-type.tool";
		};
/* End PBXNativeTarget section */

/* Begin PBXProject section */
		181C7E4326A44F5D00C230F5 /* Project object */ = {
			isa = PBXProject;
			attributes = {
				BuildIndependentTargetsInParallel = 1;
				LastSwiftUpdateCheck = 1300;
				LastUpgradeCheck = 1310;
				TargetAttributes = {
					181C7E4A26A44F5D00C230F5 = {
						CreatedOnToolsVersion = 13.0;
					};
				};
			};
			buildConfigurationList = 181C7E4626A44F5D00C230F5 /* Build configuration list for PBXProject "DSA" */;
			compatibilityVersion = "Xcode 13.0";
			developmentRegion = en;
			hasScannedForEncodings = 0;
			knownRegions = (
				en,
				Base,
			);
			mainGroup = 181C7E4226A44F5D00C230F5;
			productRefGroup = 181C7E4C26A44F5D00C230F5 /* Products */;
			projectDirPath = "";
			projectRoot = "";
			targets = (
				181C7E4A26A44F5D00C230F5 /* DSA */,
			);
		};
/* End PBXProject section */

/* Begin PBXSourcesBuildPhase section */
		181C7E4726A44F5D00C230F5 /* Sources */ = {
			isa = PBXSourcesBuildPhase;
			buildActionMask = 2147483647;
			files = (
				184B6E002770E9ED00DAB6FB /* BinarySearch.swift in Sources */,
				181C7E4F26A44F5D00C230F5 /* main.swift in Sources */,
				181C7E5E26A4588100C230F5 /* QuickSort.swift in Sources */,
				1815B3FC2784AE9A002F00CD /* Problems_Array.swift in Sources */,
				18D45056279318EF005B9B11 /* Graph.swift in Sources */,
				1815B3F3277E1953002F00CD /* Problems_Linklist.swift in Sources */,
				18D4505A27B55707005B9B11 /* Experiments.swift in Sources */,
				1815B3FE278866CB002F00CD /* CircularLinkList.swift in Sources */,
				1815B3ED27725436002F00CD /* Queue.swift in Sources */,
				181C7E5A26A4586900C230F5 /* InsertionSort.swift in Sources */,
				181C7E6026A4589300C230F5 /* HeapSort.swift in Sources */,
				184B6E012770E9ED00DAB6FB /* BinaryTree.swift in Sources */,
				1815B3EF27725445002F00CD /* LinkList.swift in Sources */,
				1815B3EB27725254002F00CD /* Stack.swift in Sources */,
				181C7E5826A4578900C230F5 /* SelectionSort.swift in Sources */,
				1815B3F5277E1BBB002F00CD /* Problems_Queue.swift in Sources */,
				1815B3F927828BB6002F00CD /* DoublyLinkedList.swift in Sources */,
				1815B3F7277E1BD7002F00CD /* Problems_Stacks.swift in Sources */,
				181C7E5626A44F9A00C230F5 /* BubbleSort.swift in Sources */,
				1815B3F1277B7173002F00CD /* Tree.swift in Sources */,
				181C7E5C26A4587500C230F5 /* MergeSort.swift in Sources */,
				18D45058279334E7005B9B11 /* Traversing.swift in Sources */,
			);
			runOnlyForDeploymentPostprocessing = 0;
		};
/* End PBXSourcesBuildPhase section */

/* Begin XCBuildConfiguration section */
		181C7E5026A44F5D00C230F5 /* Debug */ = {
			isa = XCBuildConfiguration;
			buildSettings = {
				ALWAYS_SEARCH_USER_PATHS = NO;
				CLANG_ANALYZER_NONNULL = YES;
				CLANG_ANALYZER_NUMBER_OBJECT_CONVERSION = YES_AGGRESSIVE;
				CLANG_CXX_LANGUAGE_STANDARD = "gnu++14";
				CLANG_CXX_LIBRARY = "libc++";
				CLANG_ENABLE_MODULES = YES;
				CLANG_ENABLE_OBJC_ARC = YES;
				CLANG_ENABLE_OBJC_WEAK = YES;
				CLANG_WARN_BLOCK_CAPTURE_AUTORELEASING = YES;
				CLANG_WARN_BOOL_CONVERSION = YES;
				CLANG_WARN_COMMA = YES;
				CLANG_WARN_CONSTANT_CONVERSION = YES;
				CLANG_WARN_DEPRECATED_OBJC_IMPLEMENTATIONS = YES;
				CLANG_WARN_DIRECT_OBJC_ISA_USAGE = YES_ERROR;
				CLANG_WARN_DOCUMENTATION_COMMENTS = YES;
				CLANG_WARN_EMPTY_BODY = YES;
				CLANG_WARN_ENUM_CONVERSION = YES;
				CLANG_WARN_INFINITE_RECURSION = YES;
				CLANG_WARN_INT_CONVERSION = YES;
				CLANG_WARN_NON_LITERAL_NULL_CONVERSION = YES;
				CLANG_WARN_OBJC_IMPLICIT_RETAIN_SELF = YES;
				CLANG_WARN_OBJC_LITERAL_CONVERSION = YES;
				CLANG_WARN_OBJC_ROOT_CLASS = YES_ERROR;
				CLANG_WARN_QUOTED_INCLUDE_IN_FRAMEWORK_HEADER = YES;
				CLANG_WARN_RANGE_LOOP_ANALYSIS = YES;
				CLANG_WARN_STRICT_PROTOTYPES = YES;
				CLANG_WARN_SUSPICIOUS_MOVE = YES;
				CLANG_WARN_UNGUARDED_AVAILABILITY = YES_AGGRESSIVE;
				CLANG_WARN_UNREACHABLE_CODE = YES;
				CLANG_WARN__DUPLICATE_METHOD_MATCH = YES;
				COPY_PHASE_STRIP = NO;
				DEBUG_INFORMATION_FORMAT = dwarf;
				ENABLE_STRICT_OBJC_MSGSEND = YES;
				ENABLE_TESTABILITY = YES;
				GCC_C_LANGUAGE_STANDARD = gnu11;
				GCC_DYNAMIC_NO_PIC = NO;
				GCC_NO_COMMON_BLOCKS = YES;
				GCC_OPTIMIZATION_LEVEL = 0;
				GCC_PREPROCESSOR_DEFINITIONS = (
					"DEBUG=1",
					"$(inherited)",
				);
				GCC_WARN_64_TO_32_BIT_CONVERSION = YES;
				GCC_WARN_ABOUT_RETURN_TYPE = YES_ERROR;
				GCC_WARN_UNDECLARED_SELECTOR = YES;
				GCC_WARN_UNINITIALIZED_AUTOS = YES_AGGRESSIVE;
				GCC_WARN_UNUSED_FUNCTION = YES;
				GCC_WARN_UNUSED_VARIABLE = YES;
				MACOSX_DEPLOYMENT_TARGET = 11.4;
				MTL_ENABLE_DEBUG_INFO = INCLUDE_SOURCE;
				MTL_FAST_MATH = YES;
				ONLY_ACTIVE_ARCH = YES;
				SDKROOT = macosx;
				SWIFT_ACTIVE_COMPILATION_CONDITIONS = DEBUG;
				SWIFT_OPTIMIZATION_LEVEL = "-Onone";
			};
			name = Debug;
		};
		181C7E5126A44F5D00C230F5 /* Release */ = {
			isa = XCBuildConfiguration;
			buildSettings = {
				ALWAYS_SEARCH_USER_PATHS = NO;
				CLANG_ANALYZER_NONNULL = YES;
				CLANG_ANALYZER_NUMBER_OBJECT_CONVERSION = YES_AGGRESSIVE;
				CLANG_CXX_LANGUAGE_STANDARD = "gnu++14";
				CLANG_CXX_LIBRARY = "libc++";
				CLANG_ENABLE_MODULES = YES;
				CLANG_ENABLE_OBJC_ARC = YES;
				CLANG_ENABLE_OBJC_WEAK = YES;
				CLANG_WARN_BLOCK_CAPTURE_AUTORELEASING = YES;
				CLANG_WARN_BOOL_CONVERSION = YES;
				CLANG_WARN_COMMA = YES;
				CLANG_WARN_CONSTANT_CONVERSION = YES;
				CLANG_WARN_DEPRECATED_OBJC_IMPLEMENTATIONS = YES;
				CLANG_WARN_DIRECT_OBJC_ISA_USAGE = YES_ERROR;
				CLANG_WARN_DOCUMENTATION_COMMENTS = YES;
				CLANG_WARN_EMPTY_BODY = YES;
				CLANG_WARN_ENUM_CONVERSION = YES;
				CLANG_WARN_INFINITE_RECURSION = YES;
				CLANG_WARN_INT_CONVERSION = YES;
				CLANG_WARN_NON_LITERAL_NULL_CONVERSION = YES;
				CLANG_WARN_OBJC_IMPLICIT_RETAIN_SELF = YES;
				CLANG_WARN_OBJC_LITERAL_CONVERSION = YES;
				CLANG_WARN_OBJC_ROOT_CLASS = YES_ERROR;
				CLANG_WARN_QUOTED_INCLUDE_IN_FRAMEWORK_HEADER = YES;
				CLANG_WARN_RANGE_LOOP_ANALYSIS = YES;
				CLANG_WARN_STRICT_PROTOTYPES = YES;
				CLANG_WARN_SUSPICIOUS_MOVE = YES;
				CLANG_WARN_UNGUARDED_AVAILABILITY = YES_AGGRESSIVE;
				CLANG_WARN_UNREACHABLE_CODE = YES;
				CLANG_WARN__DUPLICATE_METHOD_MATCH = YES;
				COPY_PHASE_STRIP = NO;
				DEBUG_INFORMATION_FORMAT = "dwarf-with-dsym";
				ENABLE_NS_ASSERTIONS = NO;
				ENABLE_STRICT_OBJC_MSGSEND = YES;
				GCC_C_LANGUAGE_STANDARD = gnu11;
				GCC_NO_COMMON_BLOCKS = YES;
				GCC_WARN_64_TO_32_BIT_CONVERSION = YES;
				GCC_WARN_ABOUT_RETURN_TYPE = YES_ERROR;
				GCC_WARN_UNDECLARED_SELECTOR = YES;
				GCC_WARN_UNINITIALIZED_AUTOS = YES_AGGRESSIVE;
				GCC_WARN_UNUSED_FUNCTION = YES;
				GCC_WARN_UNUSED_VARIABLE = YES;
				MACOSX_DEPLOYMENT_TARGET = 11.4;
				MTL_ENABLE_DEBUG_INFO = NO;
				MTL_FAST_MATH = YES;
				SDKROOT = macosx;
				SWIFT_COMPILATION_MODE = wholemodule;
				SWIFT_OPTIMIZATION_LEVEL = "-O";
			};
			name = Release;
		};
		181C7E5326A44F5D00C230F5 /* Debug */ = {
			isa = XCBuildConfiguration;
			buildSettings = {
				CODE_SIGN_IDENTITY = "-";
				CODE_SIGN_STYLE = Automatic;
				DEVELOPMENT_TEAM = LF62428J43;
				ENABLE_HARDENED_RUNTIME = YES;
				PRODUCT_NAME = "$(TARGET_NAME)";
				SWIFT_VERSION = 5.0;
			};
			name = Debug;
		};
		181C7E5426A44F5D00C230F5 /* Release */ = {
			isa = XCBuildConfiguration;
			buildSettings = {
				CODE_SIGN_IDENTITY = "-";
				CODE_SIGN_STYLE = Automatic;
				DEVELOPMENT_TEAM = LF62428J43;
				ENABLE_HARDENED_RUNTIME = YES;
				PRODUCT_NAME = "$(TARGET_NAME)";
				SWIFT_VERSION = 5.0;
			};
			name = Release;
		};
/* End XCBuildConfiguration section */

/* Begin XCConfigurationList section */
		181C7E4626A44F5D00C230F5 /* Build configuration list for PBXProject "DSA" */ = {
			isa = XCConfigurationList;
			buildConfigurations = (
				181C7E5026A44F5D00C230F5 /* Debug */,
				181C7E5126A44F5D00C230F5 /* Release */,
			);
			defaultConfigurationIsVisible = 0;
			defaultConfigurationName = Release;
		};
		181C7E5226A44F5D00C230F5 /* Build configuration list for PBXNativeTarget "DSA" */ = {
			isa = XCConfigurationList;
			buildConfigurations = (
				181C7E5326A44F5D00C230F5 /* Debug */,
				181C7E5426A44F5D00C230F5 /* Release */,
			);
			defaultConfigurationIsVisible = 0;
			defaultConfigurationName = Release;
		};
/* End XCConfigurationList section */
	};
	rootObject = 181C7E4326A44F5D00C230F5 /* Project object */;
}
